<?xml version="1.0" encoding="utf-8"?>
<Project ToolsVersion="17.0" xmlns="http://schemas.microsoft.com/developer/msbuild/2003">
  <ItemGroup>
    <CustomBuild Include="E:\Projects\cpp\silverSword-gameEngine-main\silverMaths\silverMaths\silverMaths\CMakeLists.txt" />
  </ItemGroup>
  <ItemGroup>
    <Filter Include="headers">
      <UniqueIdentifier>{da7f4440-3d20-4d44-8ecc-7814699412a2}</UniqueIdentifier>
    </Filter>
    <Filter Include="source">
      <UniqueIdentifier>{52769cbe-7438-4a57-a886-6896a6c37079}</UniqueIdentifier>
    </Filter>
  </ItemGroup>
  <ItemGroup>
    <ClCompile Include="Rendering.h">
      <Filter>headers</Filter>
    </ClCompile>
    <ClCompile Include="Rendering.cpp">
      <Filter>source</Filter>
    </ClCompile>
    <ClCompile Include="Camera.cpp">
      <Filter>source</Filter>
    </ClCompile>
    <ClCompile Include="Frustum.cpp">
      <Filter>source</Filter>
    </ClCompile>
  </ItemGroup>
  <ItemGroup>
    <ClInclude Include="Camera.h">
      <Filter>headers</Filter>
    </ClInclude>
    <ClInclude Include="Frustum.h">
      <Filter>headers</Filter>
    </ClInclude>
  </ItemGroup>
</Project>